<Solution>
  <Folder Name="/src/">
    <Project Path="src/Application/Application.csproj" />
    <Project Path="src/Domain/Domain.csproj" />
    <Project Path="src/Functions.Http/Functions.Http.csproj" />
    <Project Path="src/Functions.S3/Functions.S3.csproj" />
    <Project Path="src/Functions.Shared/Functions.Shared.csproj" />
    <Project Path="src/Infrastructure/Infrastructure.csproj" />
  </Folder>
</Solution>
